
Microsoft Visual Studio Solution File, Format Version 12.00
# Visual Studio Version 16
VisualStudioVersion = 16.0.28922.388
MinimumVisualStudioVersion = 10.0.40219.1
Project("{FAE04EC0-301F-11D3-BF4B-00C04F79EFBC}") = "FIcon", "FIcon.csproj", "{D4CC8511-9EFD-40BD-B5B1-65939A036C51}"
EndProject
Global
	GlobalSection(SolutionConfigurationPlatforms) = preSolution
		Debug|Any CPU = Debug|Any CPU
		Release|Any CPU = Release|Any CPU
	EndGlobalSection
	GlobalSection(ProjectConfigurationPlatforms) = postSolution
		{D4CC8511-9EFD-40BD-B5B1-65939A036C51}.Debug|Any CPU.ActiveCfg = Debug|Any CPU
		{D4CC8511-9EFD-40BD-B5B1-65939A036C51}.Debug|Any CPU.Build.0 = Debug|Any CPU
		{D4CC8511-9EFD-40BD-B5B1-65939A036C51}.Release|Any CPU.ActiveCfg = Release|Any CPU
		{D4CC8511-9EFD-40BD-B5B1-65939A036C51}.Release|Any CPU.Build.0 = Release|Any CPU
	EndGlobalSection
	GlobalSection(SolutionProperties) = preSolution
		HideSolutionNode = FALSE
	EndGlobalSection
	GlobalSection(ExtensibilityGlobals) = postSolution
		SolutionGuid = {F02E6BB6-A96B-4883-875D-2D1DED560173}
	EndGlobalSection
EndGlobal
